// !$*UTF8*$!
{
	archiveVersion = 1;
	classes = {
	};
	objectVersion = 50;
	objects = {

/* Begin PBXBuildFile section */
		1B132ABF2200C81800FC613A /* AppDelegate.swift in Sources */ = {isa = PBXBuildFile; fileRef = 1B132ABE2200C81800FC613A /* AppDelegate.swift */; };
		1B132AC42200C81800FC613A /* Main.storyboard in Resources */ = {isa = PBXBuildFile; fileRef = 1B132AC22200C81800FC613A /* Main.storyboard */; };
		1B132AC62200C81900FC613A /* Assets.xcassets in Resources */ = {isa = PBXBuildFile; fileRef = 1B132AC52200C81900FC613A /* Assets.xcassets */; };
		1B132AC92200C81900FC613A /* LaunchScreen.storyboard in Resources */ = {isa = PBXBuildFile; fileRef = 1B132AC72200C81900FC613A /* LaunchScreen.storyboard */; };
		1B132AD42200C81900FC613A /* flixsterTests.swift in Sources */ = {isa = PBXBuildFile; fileRef = 1B132AD32200C81900FC613A /* flixsterTests.swift */; };
		1B132ADF2200C81900FC613A /* flixsterUITests.swift in Sources */ = {isa = PBXBuildFile; fileRef = 1B132ADE2200C81900FC613A /* flixsterUITests.swift */; };
		1B132AED2200CF8D00FC613A /* MoviesViewController.swift in Sources */ = {isa = PBXBuildFile; fileRef = 1B132AEC2200CF8D00FC613A /* MoviesViewController.swift */; };
		1B132AEF2201417D00FC613A /* MovieCell.swift in Sources */ = {isa = PBXBuildFile; fileRef = 1B132AEE2201417D00FC613A /* MovieCell.swift */; };
/* End PBXBuildFile section */

/* Begin PBXContainerItemProxy section */
		1B132AD02200C81900FC613A /* PBXContainerItemProxy */ = {
			isa = PBXContainerItemProxy;
			containerPortal = 1B132AB32200C81800FC613A /* Project object */;
			proxyType = 1;
			remoteGlobalIDString = 1B132ABA2200C81800FC613A;
			remoteInfo = flixster;
		};
		1B132ADB2200C81900FC613A /* PBXContainerItemProxy */ = {
			isa = PBXContainerItemProxy;
			containerPortal = 1B132AB32200C81800FC613A /* Project object */;
			proxyType = 1;
			remoteGlobalIDString = 1B132ABA2200C81800FC613A;
			remoteInfo = flixster;
		};
/* End PBXContainerItemProxy section */

/* Begin PBXFileReference section */
		1B132ABB2200C81800FC613A /* flixster.app */ = {isa = PBXFileReference; explicitFileType = wrapper.application; includeInIndex = 0; path = flixster.app; sourceTree = BUILT_PRODUCTS_DIR; };
		1B132ABE2200C81800FC613A /* AppDelegate.swift */ = {isa = PBXFileReference; lastKnownFileType = sourcecode.swift; path = AppDelegate.swift; sourceTree = "<group>"; };
		1B132AC32200C81800FC613A /* Base */ = {isa = PBXFileReference; lastKnownFileType = file.storyboard; name = Base; path = Base.lproj/Main.storyboard; sourceTree = "<group>"; };
		1B132AC52200C81900FC613A /* Assets.xcassets */ = {isa = PBXFileReference; lastKnownFileType = folder.assetcatalog; path = Assets.xcassets; sourceTree = "<group>"; };
		1B132AC82200C81900FC613A /* Base */ = {isa = PBXFileReference; lastKnownFileType = file.storyboard; name = Base; path = Base.lproj/LaunchScreen.storyboard; sourceTree = "<group>"; };
		1B132ACA2200C81900FC613A /* Info.plist */ = {isa = PBXFileReference; lastKnownFileType = text.plist.xml; path = Info.plist; sourceTree = "<group>"; };
		1B132ACF2200C81900FC613A /* flixsterTests.xctest */ = {isa = PBXFileReference; explicitFileType = wrapper.cfbundle; includeInIndex = 0; path = flixsterTests.xctest; sourceTree = BUILT_PRODUCTS_DIR; };
		1B132AD32200C81900FC613A /* flixsterTests.swift */ = {isa = PBXFileReference; lastKnownFileType = sourcecode.swift; path = flixsterTests.swift; sourceTree = "<group>"; };
		1B132AD52200C81900FC613A /* Info.plist */ = {isa = PBXFileReference; lastKnownFileType = text.plist.xml; path = Info.plist; sourceTree = "<group>"; };
		1B132ADA2200C81900FC613A /* flixsterUITests.xctest */ = {isa = PBXFileReference; explicitFileType = wrapper.cfbundle; includeInIndex = 0; path = flixsterUITests.xctest; sourceTree = BUILT_PRODUCTS_DIR; };
		1B132ADE2200C81900FC613A /* flixsterUITests.swift */ = {isa = PBXFileReference; lastKnownFileType = sourcecode.swift; path = flixsterUITests.swift; sourceTree = "<group>"; };
		1B132AE02200C81900FC613A /* Info.plist */ = {isa = PBXFileReference; lastKnownFileType = text.plist.xml; path = Info.plist; sourceTree = "<group>"; };
		1B132AEC2200CF8D00FC613A /* MoviesViewController.swift */ = {isa = PBXFileReference; lastKnownFileType = sourcecode.swift; path = MoviesViewController.swift; sourceTree = "<group>"; };
		1B132AEE2201417D00FC613A /* MovieCell.swift */ = {isa = PBXFileReference; lastKnownFileType = sourcecode.swift; path = MovieCell.swift; sourceTree = "<group>"; };
/* End PBXFileReference section */

/* Begin PBXFrameworksBuildPhase section */
		1B132AB82200C81800FC613A /* Frameworks */ = {
			isa = PBXFrameworksBuildPhase;
			buildActionMask = 2147483647;
			files = (
			);
			runOnlyForDeploymentPostprocessing = 0;
		};
		1B132ACC2200C81900FC613A /* Frameworks */ = {
			isa = PBXFrameworksBuildPhase;
			buildActionMask = 2147483647;
			files = (
			);
			runOnlyForDeploymentPostprocessing = 0;
		};
		1B132AD72200C81900FC613A /* Frameworks */ = {
			isa = PBXFrameworksBuildPhase;
			buildActionMask = 2147483647;
			files = (
			);
			runOnlyForDeploymentPostprocessing = 0;
		};
/* End PBXFrameworksBuildPhase section */

/* Begin PBXGroup section */
		1B132AB22200C81800FC613A = {
			isa = PBXGroup;
			children = (
				1B132ABD2200C81800FC613A /* flixster */,
				1B132AD22200C81900FC613A /* flixsterTests */,
				1B132ADD2200C81900FC613A /* flixsterUITests */,
				1B132ABC2200C81800FC613A /* Products */,
			);
			sourceTree = "<group>";
		};
		1B132ABC2200C81800FC613A /* Products */ = {
			isa = PBXGroup;
			children = (
				1B132ABB2200C81800FC613A /* flixster.app */,
				1B132ACF2200C81900FC613A /* flixsterTests.xctest */,
				1B132ADA2200C81900FC613A /* flixsterUITests.xctest */,
			);
			name = Products;
			sourceTree = "<group>";
		};
		1B132ABD2200C81800FC613A /* flixster */ = {
			isa = PBXGroup;
			children = (
				1B132ABE2200C81800FC613A /* AppDelegate.swift */,
				1B132AC22200C81800FC613A /* Main.storyboard */,
				1B132AEE2201417D00FC613A /* MovieCell.swift */,
				1B132AC52200C81900FC613A /* Assets.xcassets */,
				1B132AC72200C81900FC613A /* LaunchScreen.storyboard */,
				1B132ACA2200C81900FC613A /* Info.plist */,
				1B132AEC2200CF8D00FC613A /* MoviesViewController.swift */,
			);
			path = flixster;
			sourceTree = "<group>";
		};
		1B132AD22200C81900FC613A /* flixsterTests */ = {
			isa = PBXGroup;
			children = (
				1B132AD32200C81900FC613A /* flixsterTests.swift */,
				1B132AD52200C81900FC613A /* Info.plist */,
			);
			path = flixsterTests;
			sourceTree = "<group>";
		};
		1B132ADD2200C81900FC613A /* flixsterUITests */ = {
			isa = PBXGroup;
			children = (
				1B132ADE2200C81900FC613A /* flixsterUITests.swift */,
				1B132AE02200C81900FC613A /* Info.plist */,
			);
			path = flixsterUITests;
			sourceTree = "<group>";
		};
/* End PBXGroup section */

/* Begin PBXNativeTarget section */
		1B132ABA2200C81800FC613A /* flixster */ = {
			isa = PBXNativeTarget;
			buildConfigurationList = 1B132AE32200C81900FC613A /* Build configuration list for PBXNativeTarget "flixster" */;
			buildPhases = (
				1B132AB72200C81800FC613A /* Sources */,
				1B132AB82200C81800FC613A /* Frameworks */,
				1B132AB92200C81800FC613A /* Resources */,
			);
			buildRules = (
			);
			dependencies = (
			);
			name = flixster;
			productName = flixster;
			productReference = 1B132ABB2200C81800FC613A /* flixster.app */;
			productType = "com.apple.product-type.application";
		};
		1B132ACE2200C81900FC613A /* flixsterTests */ = {
			isa = PBXNativeTarget;
			buildConfigurationList = 1B132AE62200C81900FC613A /* Build configuration list for PBXNativeTarget "flixsterTests" */;
			buildPhases = (
				1B132ACB2200C81900FC613A /* Sources */,
				1B132ACC2200C81900FC613A /* Frameworks */,
				1B132ACD2200C81900FC613A /* Resources */,
			);
			buildRules = (
			);
			dependencies = (
				1B132AD12200C81900FC613A /* PBXTargetDependency */,
			);
			name = flixsterTests;
			productName = flixsterTests;
			productReference = 1B132ACF2200C81900FC613A /* flixsterTests.xctest */;
			productType = "com.apple.product-type.bundle.unit-test";
		};
		1B132AD92200C81900FC613A /* flixsterUITests */ = {
			isa = PBXNativeTarget;
			buildConfigurationList = 1B132AE92200C81900FC613A /* Build configuration list for PBXNativeTarget "flixsterUITests" */;
			buildPhases = (
				1B132AD62200C81900FC613A /* Sources */,
				1B132AD72200C81900FC613A /* Frameworks */,
				1B132AD82200C81900FC613A /* Resources */,
			);
			buildRules = (
			);
			dependencies = (
				1B132ADC2200C81900FC613A /* PBXTargetDependency */,
			);
			name = flixsterUITests;
			productName = flixsterUITests;
			productReference = 1B132ADA2200C81900FC613A /* flixsterUITests.xctest */;
			productType = "com.apple.product-type.bundle.ui-testing";
		};
/* End PBXNativeTarget section */

/* Begin PBXProject section */
		1B132AB32200C81800FC613A /* Project object */ = {
			isa = PBXProject;
			attributes = {
				LastSwiftUpdateCheck = 1010;
				LastUpgradeCheck = 1010;
				ORGANIZATIONNAME = "Khalen Hudson";
				TargetAttributes = {
					1B132ABA2200C81800FC613A = {
						CreatedOnToolsVersion = 10.1;
					};
					1B132ACE2200C81900FC613A = {
						CreatedOnToolsVersion = 10.1;
						TestTargetID = 1B132ABA2200C81800FC613A;
					};
					1B132AD92200C81900FC613A = {
						CreatedOnToolsVersion = 10.1;
						TestTargetID = 1B132ABA2200C81800FC613A;
					};
				};
			};
			buildConfigurationList = 1B132AB62200C81800FC613A /* Build configuration list for PBXProject "flixster" */;
			compatibilityVersion = "Xcode 9.3";
			developmentRegion = en;
			hasScannedForEncodings = 0;
			knownRegions = (
				en,
				Base,
			);
			mainGroup = 1B132AB22200C81800FC613A;
			productRefGroup = 1B132ABC2200C81800FC613A /* Products */;
			projectDirPath = "";
			projectRoot = "";
			targets = (
				1B132ABA2200C81800FC613A /* flixster */,
				1B132ACE2200C81900FC613A /* flixsterTests */,
				1B132AD92200C81900FC613A /* flixsterUITests */,
			);
		};
/* End PBXProject section */

/* Begin PBXResourcesBuildPhase section */
		1B132AB92200C81800FC613A /* Resources */ = {
			isa = PBXResourcesBuildPhase;
			buildActionMask = 2147483647;
			files = (
				1B132AC92200C81900FC613A /* LaunchScreen.storyboard in Resources */,
				1B132AC62200C81900FC613A /* Assets.xcassets in Resources */,
				1B132AC42200C81800FC613A /* Main.storyboard in Resources */,
			);
			runOnlyForDeploymentPostprocessing = 0;
		};
		1B132ACD2200C81900FC613A /* Resources */ = {
			isa = PBXResourcesBuildPhase;
			buildActionMask = 2147483647;
			files = (
			);
			runOnlyForDeploymentPostprocessing = 0;
		};
		1B132AD82200C81900FC613A /* Resources */ = {
			isa = PBXResourcesBuildPhase;
			buildActionMask = 2147483647;
			files = (
			);
			runOnlyForDeploymentPostprocessing = 0;
		};
/* End PBXResourcesBuildPhase section */

/* Begin PBXSourcesBuildPhase section */
		1B132AB72200C81800FC613A /* Sources */ = {
			isa = PBXSourcesBuildPhase;
			buildActionMask = 2147483647;
			files = (
				1B132ABF2200C81800FC613A /* AppDelegate.swift in Sources */,
				1B132AED2200CF8D00FC613A /* MoviesViewController.swift in Sources */,
				1B132AEF2201417D00FC613A /* MovieCell.swift in Sources */,
			);
			runOnlyForDeploymentPostprocessing = 0;
		};
		1B132ACB2200C81900FC613A /* Sources */ = {
			isa = PBXSourcesBuildPhase;
			buildActionMask = 2147483647;
			files = (
				1B132AD42200C81900FC613A /* flixsterTests.swift in Sources */,
			);
			runOnlyForDeploymentPostprocessing = 0;
		};
		1B132AD62200C81900FC613A /* Sources */ = {
			isa = PBXSourcesBuildPhase;
			buildActionMask = 2147483647;
			files = (
				1B132ADF2200C81900FC613A /* flixsterUITests.swift in Sources */,
			);
			runOnlyForDeploymentPostprocessing = 0;
		};
/* End PBXSourcesBuildPhase section */

/* Begin PBXTargetDependency section */
		1B132AD12200C81900FC613A /* PBXTargetDependency */ = {
			isa = PBXTargetDependency;
			target = 1B132ABA2200C81800FC613A /* flixster */;
			targetProxy = 1B132AD02200C81900FC613A /* PBXContainerItemProxy */;
		};
		1B132ADC2200C81900FC613A /* PBXTargetDependency */ = {
			isa = PBXTargetDependency;
			target = 1B132ABA2200C81800FC613A /* flixster */;
			targetProxy = 1B132ADB2200C81900FC613A /* PBXContainerItemProxy */;
		};
/* End PBXTargetDependency section */

/* Begin PBXVariantGroup section */
		1B132AC22200C81800FC613A /* Main.storyboard */ = {
			isa = PBXVariantGroup;
			children = (
				1B132AC32200C81800FC613A /* Base */,
			);
			name = Main.storyboard;
			sourceTree = "<group>";
		};
		1B132AC72200C81900FC613A /* LaunchScreen.storyboard */ = {
			isa = PBXVariantGroup;
			children = (
				1B132AC82200C81900FC613A /* Base */,
			);
			name = LaunchScreen.storyboard;
			sourceTree = "<group>";
		};
/* End PBXVariantGroup section */

/* Begin XCBuildConfiguration section */
		1B132AE12200C81900FC613A /* Debug */ = {
			isa = XCBuildConfiguration;
			buildSettings = {
				ALWAYS_SEARCH_USER_PATHS = NO;
				CLANG_ANALYZER_NONNULL = YES;
				CLANG_ANALYZER_NUMBER_OBJECT_CONVERSION = YES_AGGRESSIVE;
				CLANG_CXX_LANGUAGE_STANDARD = "gnu++14";
				CLANG_CXX_LIBRARY = "libc++";
				CLANG_ENABLE_MODULES = YES;
				CLANG_ENABLE_OBJC_ARC = YES;
				CLANG_ENABLE_OBJC_WEAK = YES;
				CLANG_WARN_BLOCK_CAPTURE_AUTORELEASING = YES;
				CLANG_WARN_BOOL_CONVERSION = YES;
				CLANG_WARN_COMMA = YES;
				CLANG_WARN_CONSTANT_CONVERSION = YES;
				CLANG_WARN_DEPRECATED_OBJC_IMPLEMENTATIONS = YES;
				CLANG_WARN_DIRECT_OBJC_ISA_USAGE = YES_ERROR;
				CLANG_WARN_DOCUMENTATION_COMMENTS = YES;
				CLANG_WARN_EMPTY_BODY = YES;
				CLANG_WARN_ENUM_CONVERSION = YES;
				CLANG_WARN_INFINITE_RECURSION = YES;
				CLANG_WARN_INT_CONVERSION = YES;
				CLANG_WARN_NON_LITERAL_NULL_CONVERSION = YES;
				CLANG_WARN_OBJC_IMPLICIT_RETAIN_SELF = YES;
				CLANG_WARN_OBJC_LITERAL_CONVERSION = YES;
				CLANG_WARN_OBJC_ROOT_CLASS = YES_ERROR;
				CLANG_WARN_RANGE_LOOP_ANALYSIS = YES;
				CLANG_WARN_STRICT_PROTOTYPES = YES;
				CLANG_WARN_SUSPICIOUS_MOVE = YES;
				CLANG_WARN_UNGUARDED_AVAILABILITY = YES_AGGRESSIVE;
				CLANG_WARN_UNREACHABLE_CODE = YES;
				CLANG_WARN__DUPLICATE_METHOD_MATCH = YES;
				CODE_SIGN_IDENTITY = "iPhone Developer";
				COPY_PHASE_STRIP = NO;
				DEBUG_INFORMATION_FORMAT = dwarf;
				ENABLE_STRICT_OBJC_MSGSEND = YES;
				ENABLE_TESTABILITY = YES;
				GCC_C_LANGUAGE_STANDARD = gnu11;
				GCC_DYNAMIC_NO_PIC = NO;
				GCC_NO_COMMON_BLOCKS = YES;
				GCC_OPTIMIZATION_LEVEL = 0;
				GCC_PREPROCESSOR_DEFINITIONS = (
					"DEBUG=1",
					"$(inherited)",
				);
				GCC_WARN_64_TO_32_BIT_CONVERSION = YES;
				GCC_WARN_ABOUT_RETURN_TYPE = YES_ERROR;
				GCC_WARN_UNDECLARED_SELECTOR = YES;
				GCC_WARN_UNINITIALIZED_AUTOS = YES_AGGRESSIVE;
				GCC_WARN_UNUSED_FUNCTION = YES;
				GCC_WARN_UNUSED_VARIABLE = YES;
				IPHONEOS_DEPLOYMENT_TARGET = 12.1;
				MTL_ENABLE_DEBUG_INFO = INCLUDE_SOURCE;
				MTL_FAST_MATH = YES;
				ONLY_ACTIVE_ARCH = YES;
				SDKROOT = iphoneos;
				SWIFT_ACTIVE_COMPILATION_CONDITIONS = DEBUG;
				SWIFT_OPTIMIZATION_LEVEL = "-Onone";
			};
			name = Debug;
		};
		1B132AE22200C81900FC613A /* Release */ = {
			isa = XCBuildConfiguration;
			buildSettings = {
				ALWAYS_SEARCH_USER_PATHS = NO;
				CLANG_ANALYZER_NONNULL = YES;
				CLANG_ANALYZER_NUMBER_OBJECT_CONVERSION = YES_AGGRESSIVE;
				CLANG_CXX_LANGUAGE_STANDARD = "gnu++14";
				CLANG_CXX_LIBRARY = "libc++";
				CLANG_ENABLE_MODULES = YES;
				CLANG_ENABLE_OBJC_ARC = YES;
				CLANG_ENABLE_OBJC_WEAK = YES;
				CLANG_WARN_BLOCK_CAPTURE_AUTORELEASING = YES;
				CLANG_WARN_BOOL_CONVERSION = YES;
				CLANG_WARN_COMMA = YES;
				CLANG_WARN_CONSTANT_CONVERSION = YES;
				CLANG_WARN_DEPRECATED_OBJC_IMPLEMENTATIONS = YES;
				CLANG_WARN_DIRECT_OBJC_ISA_USAGE = YES_ERROR;
				CLANG_WARN_DOCUMENTATION_COMMENTS = YES;
				CLANG_WARN_EMPTY_BODY = YES;
				CLANG_WARN_ENUM_CONVERSION = YES;
				CLANG_WARN_INFINITE_RECURSION = YES;
				CLANG_WARN_INT_CONVERSION = YES;
				CLANG_WARN_NON_LITERAL_NULL_CONVERSION = YES;
				CLANG_WARN_OBJC_IMPLICIT_RETAIN_SELF = YES;
				CLANG_WARN_OBJC_LITERAL_CONVERSION = YES;
				CLANG_WARN_OBJC_ROOT_CLASS = YES_ERROR;
				CLANG_WARN_RANGE_LOOP_ANALYSIS = YES;
				CLANG_WARN_STRICT_PROTOTYPES = YES;
				CLANG_WARN_SUSPICIOUS_MOVE = YES;
				CLANG_WARN_UNGUARDED_AVAILABILITY = YES_AGGRESSIVE;
				CLANG_WARN_UNREACHABLE_CODE = YES;
				CLANG_WARN__DUPLICATE_METHOD_MATCH = YES;
				CODE_SIGN_IDENTITY = "iPhone Developer";
				COPY_PHASE_STRIP = NO;
				DEBUG_INFORMATION_FORMAT = "dwarf-with-dsym";
				ENABLE_NS_ASSERTIONS = NO;
				ENABLE_STRICT_OBJC_MSGSEND = YES;
				GCC_C_LANGUAGE_STANDARD = gnu11;
				GCC_NO_COMMON_BLOCKS = YES;
				GCC_WARN_64_TO_32_BIT_CONVERSION = YES;
				GCC_WARN_ABOUT_RETURN_TYPE = YES_ERROR;
				GCC_WARN_UNDECLARED_SELECTOR = YES;
				GCC_WARN_UNINITIALIZED_AUTOS = YES_AGGRESSIVE;
				GCC_WARN_UNUSED_FUNCTION = YES;
				GCC_WARN_UNUSED_VARIABLE = YES;
				IPHONEOS_DEPLOYMENT_TARGET = 12.1;
				MTL_ENABLE_DEBUG_INFO = NO;
				MTL_FAST_MATH = YES;
				SDKROOT = iphoneos;
				SWIFT_COMPILATION_MODE = wholemodule;
				SWIFT_OPTIMIZATION_LEVEL = "-O";
				VALIDATE_PRODUCT = YES;
			};
			name = Release;
		};
		1B132AE42200C81900FC613A /* Debug */ = {
			isa = XCBuildConfiguration;
			buildSettings = {
				ASSETCATALOG_COMPILER_APPICON_NAME = AppIcon;
				CODE_SIGN_STYLE = Automatic;
				DEVELOPMENT_TEAM = 76AY2J2362;
				INFOPLIST_FILE = flixster/Info.plist;
				LD_RUNPATH_SEARCH_PATHS = (
					"$(inherited)",
					"@executable_path/Frameworks",
				);
				PRODUCT_BUNDLE_IDENTIFIER = "com.Khalen-Hudson.flixster";
				PRODUCT_NAME = "$(TARGET_NAME)";
				SWIFT_VERSION = 4.2;
				TARGETED_DEVICE_FAMILY = "1,2";
			};
			name = Debug;
		};
		1B132AE52200C81900FC613A /* Release */ = {
			isa = XCBuildConfiguration;
			buildSettings = {
				ASSETCATALOG_COMPILER_APPICON_NAME = AppIcon;
				CODE_SIGN_STYLE = Automatic;
				DEVELOPMENT_TEAM = 76AY2J2362;
				INFOPLIST_FILE = flixster/Info.plist;
				LD_RUNPATH_SEARCH_PATHS = (
					"$(inherited)",
					"@executable_path/Frameworks",
				);
				PRODUCT_BUNDLE_IDENTIFIER = "com.Khalen-Hudson.flixster";
				PRODUCT_NAME = "$(TARGET_NAME)";
				SWIFT_VERSION = 4.2;
				TARGETED_DEVICE_FAMILY = "1,2";
			};
			name = Release;
		};
		1B132AE72200C81900FC613A /* Debug */ = {
			isa = XCBuildConfiguration;
			buildSettings = {
				ALWAYS_EMBED_SWIFT_STANDARD_LIBRARIES = YES;
				BUNDLE_LOADER = "$(TEST_HOST)";
				CODE_SIGN_STYLE = Automatic;
				INFOPLIST_FILE = flixsterTests/Info.plist;
				LD_RUNPATH_SEARCH_PATHS = (
					"$(inherited)",
					"@executable_path/Frameworks",
					"@loader_path/Frameworks",
				);
				PRODUCT_BUNDLE_IDENTIFIER = "com.Khalen-Hudson.flixsterTests";
				PRODUCT_NAME = "$(TARGET_NAME)";
				SWIFT_VERSION = 4.2;
				TARGETED_DEVICE_FAMILY = "1,2";
				TEST_HOST = "$(BUILT_PRODUCTS_DIR)/flixster.app/flixster";
			};
			name = Debug;
		};
		1B132AE82200C81900FC613A /* Release */ = {
			isa = XCBuildConfiguration;
			buildSettings = {
				ALWAYS_EMBED_SWIFT_STANDARD_LIBRARIES = YES;
				BUNDLE_LOADER = "$(TEST_HOST)";
				CODE_SIGN_STYLE = Automatic;
				INFOPLIST_FILE = flixsterTests/Info.plist;
				LD_RUNPATH_SEARCH_PATHS = (
					"$(inherited)",
					"@executable_path/Frameworks",
					"@loader_path/Frameworks",
				);
				PRODUCT_BUNDLE_IDENTIFIER = "com.Khalen-Hudson.flixsterTests";
				PRODUCT_NAME = "$(TARGET_NAME)";
				SWIFT_VERSION = 4.2;
				TARGETED_DEVICE_FAMILY = "1,2";
				TEST_HOST = "$(BUILT_PRODUCTS_DIR)/flixster.app/flixster";
			};
			name = Release;
		};
		1B132AEA2200C81900FC613A /* Debug */ = {
			isa = XCBuildConfiguration;
			buildSettings = {
				ALWAYS_EMBED_SWIFT_STANDARD_LIBRARIES = YES;
				CODE_SIGN_STYLE = Automatic;
				INFOPLIST_FILE = flixsterUITests/Info.plist;
				LD_RUNPATH_SEARCH_PATHS = (
					"$(inherited)",
					"@executable_path/Frameworks",
					"@loader_path/Frameworks",
				);
				PRODUCT_BUNDLE_IDENTIFIER = "com.Khalen-Hudson.flixsterUITests";
				PRODUCT_NAME = "$(TARGET_NAME)";
				SWIFT_VERSION = 4.2;
				TARGETED_DEVICE_FAMILY = "1,2";
				TEST_TARGET_NAME = flixster;
			};
			name = Debug;
		};
		1B132AEB2200C81900FC613A /* Release */ = {
			isa = XCBuildConfiguration;
			buildSettings = {
				ALWAYS_EMBED_SWIFT_STANDARD_LIBRARIES = YES;
				CODE_SIGN_STYLE = Automatic;
				INFOPLIST_FILE = flixsterUITests/Info.plist;
				LD_RUNPATH_SEARCH_PATHS = (
					"$(inherited)",
					"@executable_path/Frameworks",
					"@loader_path/Frameworks",
				);
				PRODUCT_BUNDLE_IDENTIFIER = "com.Khalen-Hudson.flixsterUITests";
				PRODUCT_NAME = "$(TARGET_NAME)";
				SWIFT_VERSION = 4.2;
				TARGETED_DEVICE_FAMILY = "1,2";
				TEST_TARGET_NAME = flixster;
			};
			name = Release;
		};
/* End XCBuildConfiguration section */

/* Begin XCConfigurationList section */
		1B132AB62200C81800FC613A /* Build configuration list for PBXProject "flixster" */ = {
			isa = XCConfigurationList;
			buildConfigurations = (
				1B132AE12200C81900FC613A /* Debug */,
				1B132AE22200C81900FC613A /* Release */,
			);
			defaultConfigurationIsVisible = 0;
			defaultConfigurationName = Release;
		};
		1B132AE32200C81900FC613A /* Build configuration list for PBXNativeTarget "flixster" */ = {
			isa = XCConfigurationList;
			buildConfigurations = (
				1B132AE42200C81900FC613A /* Debug */,
				1B132AE52200C81900FC613A /* Release */,
			);
			defaultConfigurationIsVisible = 0;
			defaultConfigurationName = Release;
		};
		1B132AE62200C81900FC613A /* Build configuration list for PBXNativeTarget "flixsterTests" */ = {
			isa = XCConfigurationList;
			buildConfigurations = (
				1B132AE72200C81900FC613A /* Debug */,
				1B132AE82200C81900FC613A /* Release */,
			);
			defaultConfigurationIsVisible = 0;
			defaultConfigurationName = Release;
		};
		1B132AE92200C81900FC613A /* Build configuration list for PBXNativeTarget "flixsterUITests" */ = {
			isa = XCConfigurationList;
			buildConfigurations = (
				1B132AEA2200C81900FC613A /* Debug */,
				1B132AEB2200C81900FC613A /* Release */,
			);
			defaultConfigurationIsVisible = 0;
			defaultConfigurationName = Release;
		};
/* End XCConfigurationList section */
	};
	rootObject = 1B132AB32200C81800FC613A /* Project object */;
}
